
Microsoft Visual Studio Solution File, Format Version 12.00
# Visual Studio Version 17
VisualStudioVersion = 17.10.34928.147
MinimumVisualStudioVersion = 10.0.40219.1
Project("{FAE04EC0-301F-11D3-BF4B-00C04F79EFBC}") = "EndPoliceBrutality", "EndPoliceBrutality.csproj", "{2F1CE4E6-20A1-40D2-BAB2-92BCE6CC3EAE}"
EndProject
Global
	GlobalSection(SolutionConfigurationPlatforms) = preSolution
		Debug|Any CPU = Debug|Any CPU
		Release|Any CPU = Release|Any CPU
	EndGlobalSection
	GlobalSection(ProjectConfigurationPlatforms) = postSolution
		{2F1CE4E6-20A1-40D2-BAB2-92BCE6CC3EAE}.Debug|Any CPU.ActiveCfg = Debug|Any CPU
		{2F1CE4E6-20A1-40D2-BAB2-92BCE6CC3EAE}.Debug|Any CPU.Build.0 = Debug|Any CPU
		{2F1CE4E6-20A1-40D2-BAB2-92BCE6CC3EAE}.Release|Any CPU.ActiveCfg = Release|Any CPU
		{2F1CE4E6-20A1-40D2-BAB2-92BCE6CC3EAE}.Release|Any CPU.Build.0 = Release|Any CPU
	EndGlobalSection
	GlobalSection(SolutionProperties) = preSolution
		HideSolutionNode = FALSE
	EndGlobalSection
	GlobalSection(ExtensibilityGlobals) = postSolution
		SolutionGuid = {8F2F09E2-7050-4183-AA62-3913640DFF50}
	EndGlobalSection
EndGlobal
